
Microsoft Visual Studio Solution File, Format Version 12.00
# Visual Studio Version 17
VisualStudioVersion = 17.8.34408.163
MinimumVisualStudioVersion = 10.0.40219.1
Project("{FAE04EC0-301F-11D3-BF4B-00C04F79EFBC}") = "RazorPagesMovie", "RazorPagesMovie.csproj", "{E93ABFF1-854F-42DA-9DC9-B02E59375C4B}"
EndProject
Global
	GlobalSection(SolutionConfigurationPlatforms) = preSolution
		Debug|Any CPU = Debug|Any CPU
		Release|Any CPU = Release|Any CPU
	EndGlobalSection
	GlobalSection(ProjectConfigurationPlatforms) = postSolution
		{E93ABFF1-854F-42DA-9DC9-B02E59375C4B}.Debug|Any CPU.ActiveCfg = Debug|Any CPU
		{E93ABFF1-854F-42DA-9DC9-B02E59375C4B}.Debug|Any CPU.Build.0 = Debug|Any CPU
		{E93ABFF1-854F-42DA-9DC9-B02E59375C4B}.Release|Any CPU.ActiveCfg = Release|Any CPU
		{E93ABFF1-854F-42DA-9DC9-B02E59375C4B}.Release|Any CPU.Build.0 = Release|Any CPU
	EndGlobalSection
	GlobalSection(SolutionProperties) = preSolution
		HideSolutionNode = FALSE
	EndGlobalSection
	GlobalSection(ExtensibilityGlobals) = postSolution
		SolutionGuid = {3A23FB88-E93A-48A1-9706-1647230A38D8}
	EndGlobalSection
EndGlobal
